
Microsoft Visual Studio Solution File, Format Version 12.00
# Visual Studio 15
VisualStudioVersion = 15.0.26730.3
MinimumVisualStudioVersion = 10.0.40219.1
Project("{9A19103F-16F7-4668-BE54-9A1E7A4F7556}") = "AuthorizationServer", "AuthorizationServer\AuthorizationServer.csproj", "{F739001D-8FA9-428A-962C-F37B62413919}"
EndProject
Project("{9A19103F-16F7-4668-BE54-9A1E7A4F7556}") = "ClientCredentials", "ClientCredentials\ClientCredentials.csproj", "{3DB2645D-CE64-4BA2-BC03-5AEF0628BE20}"
EndProject
Project("{9A19103F-16F7-4668-BE54-9A1E7A4F7556}") = "ResourcesServer", "ResourcesServer\ResourcesServer.csproj", "{A2963108-4E7A-4537-926E-DE4DC2F49B34}"
EndProject
Project("{9A19103F-16F7-4668-BE54-9A1E7A4F7556}") = "PassWord", "PassWord\PassWord.csproj", "{7BE4F209-E3C3-4310-9EA1-8DD5DE67F11C}"
EndProject
Project("{9A19103F-16F7-4668-BE54-9A1E7A4F7556}") = "AuthorizationCode", "AuthorizationCode\AuthorizationCode.csproj", "{81F9D989-4EE5-4D48-B9B6-57BD7906D031}"
EndProject
Project("{FAE04EC0-301F-11D3-BF4B-00C04F79EFBC}") = "WebApi", "WebApi\WebApi.csproj", "{61FF2190-12BF-453A-A2FE-58A59234A160}"
EndProject
Global
	GlobalSection(SolutionConfigurationPlatforms) = preSolution
		Debug|Any CPU = Debug|Any CPU
		Release|Any CPU = Release|Any CPU
	EndGlobalSection
	GlobalSection(ProjectConfigurationPlatforms) = postSolution
		{F739001D-8FA9-428A-962C-F37B62413919}.Debug|Any CPU.ActiveCfg = Debug|Any CPU
		{F739001D-8FA9-428A-962C-F37B62413919}.Debug|Any CPU.Build.0 = Debug|Any CPU
		{F739001D-8FA9-428A-962C-F37B62413919}.Release|Any CPU.ActiveCfg = Release|Any CPU
		{F739001D-8FA9-428A-962C-F37B62413919}.Release|Any CPU.Build.0 = Release|Any CPU
		{3DB2645D-CE64-4BA2-BC03-5AEF0628BE20}.Debug|Any CPU.ActiveCfg = Debug|Any CPU
		{3DB2645D-CE64-4BA2-BC03-5AEF0628BE20}.Debug|Any CPU.Build.0 = Debug|Any CPU
		{3DB2645D-CE64-4BA2-BC03-5AEF0628BE20}.Release|Any CPU.ActiveCfg = Release|Any CPU
		{3DB2645D-CE64-4BA2-BC03-5AEF0628BE20}.Release|Any CPU.Build.0 = Release|Any CPU
		{A2963108-4E7A-4537-926E-DE4DC2F49B34}.Debug|Any CPU.ActiveCfg = Debug|Any CPU
		{A2963108-4E7A-4537-926E-DE4DC2F49B34}.Debug|Any CPU.Build.0 = Debug|Any CPU
		{A2963108-4E7A-4537-926E-DE4DC2F49B34}.Release|Any CPU.ActiveCfg = Release|Any CPU
		{A2963108-4E7A-4537-926E-DE4DC2F49B34}.Release|Any CPU.Build.0 = Release|Any CPU
		{7BE4F209-E3C3-4310-9EA1-8DD5DE67F11C}.Debug|Any CPU.ActiveCfg = Debug|Any CPU
		{7BE4F209-E3C3-4310-9EA1-8DD5DE67F11C}.Debug|Any CPU.Build.0 = Debug|Any CPU
		{7BE4F209-E3C3-4310-9EA1-8DD5DE67F11C}.Release|Any CPU.ActiveCfg = Release|Any CPU
		{7BE4F209-E3C3-4310-9EA1-8DD5DE67F11C}.Release|Any CPU.Build.0 = Release|Any CPU
		{81F9D989-4EE5-4D48-B9B6-57BD7906D031}.Debug|Any CPU.ActiveCfg = Debug|Any CPU
		{81F9D989-4EE5-4D48-B9B6-57BD7906D031}.Debug|Any CPU.Build.0 = Debug|Any CPU
		{81F9D989-4EE5-4D48-B9B6-57BD7906D031}.Release|Any CPU.ActiveCfg = Release|Any CPU
		{81F9D989-4EE5-4D48-B9B6-57BD7906D031}.Release|Any CPU.Build.0 = Release|Any CPU
		{61FF2190-12BF-453A-A2FE-58A59234A160}.Debug|Any CPU.ActiveCfg = Debug|Any CPU
		{61FF2190-12BF-453A-A2FE-58A59234A160}.Debug|Any CPU.Build.0 = Debug|Any CPU
		{61FF2190-12BF-453A-A2FE-58A59234A160}.Release|Any CPU.ActiveCfg = Release|Any CPU
		{61FF2190-12BF-453A-A2FE-58A59234A160}.Release|Any CPU.Build.0 = Release|Any CPU
	EndGlobalSection
	GlobalSection(SolutionProperties) = preSolution
		HideSolutionNode = FALSE
	EndGlobalSection
	GlobalSection(ExtensibilityGlobals) = postSolution
		SolutionGuid = {A0B1A8DF-DC12-4D6F-A90F-BAC2D9134106}
	EndGlobalSection
EndGlobal
